// !$*UTF8*$!
{
	archiveVersion = 1;
	classes = {
	};
	objectVersion = 50;
	objects = {

/* Begin PBXBuildFile section */
		0433D23A24941621005E2A9C /* AppDelegate.swift in Sources */ = {isa = PBXBuildFile; fileRef = 0433D23924941621005E2A9C /* AppDelegate.swift */; };
		0433D23C24941621005E2A9C /* SceneDelegate.swift in Sources */ = {isa = PBXBuildFile; fileRef = 0433D23B24941621005E2A9C /* SceneDelegate.swift */; };
		0433D23E24941621005E2A9C /* ViewController.swift in Sources */ = {isa = PBXBuildFile; fileRef = 0433D23D24941621005E2A9C /* ViewController.swift */; };
		0433D24124941621005E2A9C /* Main.storyboard in Resources */ = {isa = PBXBuildFile; fileRef = 0433D23F24941621005E2A9C /* Main.storyboard */; };
		0433D24324941624005E2A9C /* Assets.xcassets in Resources */ = {isa = PBXBuildFile; fileRef = 0433D24224941624005E2A9C /* Assets.xcassets */; };
		0433D24624941624005E2A9C /* LaunchScreen.storyboard in Resources */ = {isa = PBXBuildFile; fileRef = 0433D24424941624005E2A9C /* LaunchScreen.storyboard */; };
		0433D25124941624005E2A9C /* weatherTests.swift in Sources */ = {isa = PBXBuildFile; fileRef = 0433D25024941624005E2A9C /* weatherTests.swift */; };
		0433D25C24941624005E2A9C /* weatherUITests.swift in Sources */ = {isa = PBXBuildFile; fileRef = 0433D25B24941624005E2A9C /* weatherUITests.swift */; };
		0433D26B2494DE0A005E2A9C /* WeatherForcastViewController.swift in Sources */ = {isa = PBXBuildFile; fileRef = 0433D26A2494DE0A005E2A9C /* WeatherForcastViewController.swift */; };
		0433D26F2494EA8C005E2A9C /* NetworkManager.swift in Sources */ = {isa = PBXBuildFile; fileRef = 0433D26E2494EA8C005E2A9C /* NetworkManager.swift */; };
		0433D2742494FA24005E2A9C /* SearchLocationResponse.swift in Sources */ = {isa = PBXBuildFile; fileRef = 0433D2732494FA23005E2A9C /* SearchLocationResponse.swift */; };
		0433D2762494FD94005E2A9C /* WeatherForcastResponse.swift in Sources */ = {isa = PBXBuildFile; fileRef = 0433D2752494FD94005E2A9C /* WeatherForcastResponse.swift */; };
		0433D279249500B4005E2A9C /* WeatherService.swift in Sources */ = {isa = PBXBuildFile; fileRef = 0433D278249500B4005E2A9C /* WeatherService.swift */; };
		0433D27B249503EE005E2A9C /* WeatherApiConstant.swift in Sources */ = {isa = PBXBuildFile; fileRef = 0433D27A249503EE005E2A9C /* WeatherApiConstant.swift */; };
		0433D27D24951144005E2A9C /* JsonUtil.swift in Sources */ = {isa = PBXBuildFile; fileRef = 0433D27C24951144005E2A9C /* JsonUtil.swift */; };
		0433D27F24952EE5005E2A9C /* SearchViewController.swift in Sources */ = {isa = PBXBuildFile; fileRef = 0433D27E24952EE4005E2A9C /* SearchViewController.swift */; };
		0433D282249530FE005E2A9C /* UIViewExtension.swift in Sources */ = {isa = PBXBuildFile; fileRef = 0433D281249530FE005E2A9C /* UIViewExtension.swift */; };
		0433D284249539B2005E2A9C /* SearchLocationPresenter.swift in Sources */ = {isa = PBXBuildFile; fileRef = 0433D283249539B2005E2A9C /* SearchLocationPresenter.swift */; };
		0433D28924954818005E2A9C /* PlaceViewModel.swift in Sources */ = {isa = PBXBuildFile; fileRef = 0433D28824954818005E2A9C /* PlaceViewModel.swift */; };
		0433D28B24955EB9005E2A9C /* WeatherApiModelExtension.swift in Sources */ = {isa = PBXBuildFile; fileRef = 0433D28A24955EB9005E2A9C /* WeatherApiModelExtension.swift */; };
		0433D28E2495712B005E2A9C /* PlaceView.xib in Resources */ = {isa = PBXBuildFile; fileRef = 0433D28D2495712B005E2A9C /* PlaceView.xib */; };
		0433D2902495716A005E2A9C /* PlacView.swift in Sources */ = {isa = PBXBuildFile; fileRef = 0433D28F24957169005E2A9C /* PlacView.swift */; };
		0433D29224958721005E2A9C /* PlacesTableViewCell.swift in Sources */ = {isa = PBXBuildFile; fileRef = 0433D29124958721005E2A9C /* PlacesTableViewCell.swift */; };
		0433D294249588F4005E2A9C /* AppConstants.swift in Sources */ = {isa = PBXBuildFile; fileRef = 0433D293249588F4005E2A9C /* AppConstants.swift */; };
		0433D29624961309005E2A9C /* WeatherForcastPresenter.swift in Sources */ = {isa = PBXBuildFile; fileRef = 0433D29524961309005E2A9C /* WeatherForcastPresenter.swift */; };
		0433D29824961AFE005E2A9C /* WeatherForcastViewModel.swift in Sources */ = {isa = PBXBuildFile; fileRef = 0433D29724961AFE005E2A9C /* WeatherForcastViewModel.swift */; };
		0433D29D24962A5C005E2A9C /* WeatherInfoTileView.xib in Resources */ = {isa = PBXBuildFile; fileRef = 0433D29C24962A5C005E2A9C /* WeatherInfoTileView.xib */; };
		0433D29F24962A76005E2A9C /* WeatherInfoTileView.swift in Sources */ = {isa = PBXBuildFile; fileRef = 0433D29E24962A75005E2A9C /* WeatherInfoTileView.swift */; };
		0433D2A6249634F2005E2A9C /* ForcastTableViewCell.swift in Sources */ = {isa = PBXBuildFile; fileRef = 0433D2A4249634F2005E2A9C /* ForcastTableViewCell.swift */; };
		0433D2A7249634F2005E2A9C /* ForcastTableViewCell.xib in Resources */ = {isa = PBXBuildFile; fileRef = 0433D2A5249634F2005E2A9C /* ForcastTableViewCell.xib */; };
		0433D2AA2496350B005E2A9C /* ForcastCollectionViewCell.swift in Sources */ = {isa = PBXBuildFile; fileRef = 0433D2A82496350B005E2A9C /* ForcastCollectionViewCell.swift */; };
		0433D2AB2496350B005E2A9C /* ForcastCollectionViewCell.xib in Resources */ = {isa = PBXBuildFile; fileRef = 0433D2A92496350B005E2A9C /* ForcastCollectionViewCell.xib */; };
		0433D2AD249656DC005E2A9C /* ForcastSectionHeaderView.xib in Resources */ = {isa = PBXBuildFile; fileRef = 0433D2AC249656DC005E2A9C /* ForcastSectionHeaderView.xib */; };
		0433D2AF24965714005E2A9C /* ForcastSectionHeaderView.swift in Sources */ = {isa = PBXBuildFile; fileRef = 0433D2AE24965713005E2A9C /* ForcastSectionHeaderView.swift */; };
		0441219724967FDF00C09035 /* ForcastHeaderTableViewCell.swift in Sources */ = {isa = PBXBuildFile; fileRef = 0441219624967FDF00C09035 /* ForcastHeaderTableViewCell.swift */; };
		044121992496ADA600C09035 /* InfoTileView.xib in Resources */ = {isa = PBXBuildFile; fileRef = 044121982496ADA600C09035 /* InfoTileView.xib */; };
		0441219B2496ADC700C09035 /* InfoTileView.swift in Sources */ = {isa = PBXBuildFile; fileRef = 0441219A2496ADC700C09035 /* InfoTileView.swift */; };
/* End PBXBuildFile section */

/* Begin PBXContainerItemProxy section */
		0433D24D24941624005E2A9C /* PBXContainerItemProxy */ = {
			isa = PBXContainerItemProxy;
			containerPortal = 0433D22E24941621005E2A9C /* Project object */;
			proxyType = 1;
			remoteGlobalIDString = 0433D23524941621005E2A9C;
			remoteInfo = weather;
		};
		0433D25824941624005E2A9C /* PBXContainerItemProxy */ = {
			isa = PBXContainerItemProxy;
			containerPortal = 0433D22E24941621005E2A9C /* Project object */;
			proxyType = 1;
			remoteGlobalIDString = 0433D23524941621005E2A9C;
			remoteInfo = weather;
		};
/* End PBXContainerItemProxy section */

/* Begin PBXFileReference section */
		0433D23624941621005E2A9C /* weather.app */ = {isa = PBXFileReference; explicitFileType = wrapper.application; includeInIndex = 0; path = weather.app; sourceTree = BUILT_PRODUCTS_DIR; };
		0433D23924941621005E2A9C /* AppDelegate.swift */ = {isa = PBXFileReference; lastKnownFileType = sourcecode.swift; path = AppDelegate.swift; sourceTree = "<group>"; };
		0433D23B24941621005E2A9C /* SceneDelegate.swift */ = {isa = PBXFileReference; lastKnownFileType = sourcecode.swift; path = SceneDelegate.swift; sourceTree = "<group>"; };
		0433D23D24941621005E2A9C /* ViewController.swift */ = {isa = PBXFileReference; lastKnownFileType = sourcecode.swift; path = ViewController.swift; sourceTree = "<group>"; };
		0433D24024941621005E2A9C /* Base */ = {isa = PBXFileReference; lastKnownFileType = file.storyboard; name = Base; path = Base.lproj/Main.storyboard; sourceTree = "<group>"; };
		0433D24224941624005E2A9C /* Assets.xcassets */ = {isa = PBXFileReference; lastKnownFileType = folder.assetcatalog; path = Assets.xcassets; sourceTree = "<group>"; };
		0433D24524941624005E2A9C /* Base */ = {isa = PBXFileReference; lastKnownFileType = file.storyboard; name = Base; path = Base.lproj/LaunchScreen.storyboard; sourceTree = "<group>"; };
		0433D24724941624005E2A9C /* Info.plist */ = {isa = PBXFileReference; lastKnownFileType = text.plist.xml; path = Info.plist; sourceTree = "<group>"; };
		0433D24C24941624005E2A9C /* weatherTests.xctest */ = {isa = PBXFileReference; explicitFileType = wrapper.cfbundle; includeInIndex = 0; path = weatherTests.xctest; sourceTree = BUILT_PRODUCTS_DIR; };
		0433D25024941624005E2A9C /* weatherTests.swift */ = {isa = PBXFileReference; lastKnownFileType = sourcecode.swift; path = weatherTests.swift; sourceTree = "<group>"; };
		0433D25224941624005E2A9C /* Info.plist */ = {isa = PBXFileReference; lastKnownFileType = text.plist.xml; path = Info.plist; sourceTree = "<group>"; };
		0433D25724941624005E2A9C /* weatherUITests.xctest */ = {isa = PBXFileReference; explicitFileType = wrapper.cfbundle; includeInIndex = 0; path = weatherUITests.xctest; sourceTree = BUILT_PRODUCTS_DIR; };
		0433D25B24941624005E2A9C /* weatherUITests.swift */ = {isa = PBXFileReference; lastKnownFileType = sourcecode.swift; path = weatherUITests.swift; sourceTree = "<group>"; };
		0433D25D24941624005E2A9C /* Info.plist */ = {isa = PBXFileReference; lastKnownFileType = text.plist.xml; path = Info.plist; sourceTree = "<group>"; };
		0433D26A2494DE0A005E2A9C /* WeatherForcastViewController.swift */ = {isa = PBXFileReference; lastKnownFileType = sourcecode.swift; path = WeatherForcastViewController.swift; sourceTree = "<group>"; };
		0433D26E2494EA8C005E2A9C /* NetworkManager.swift */ = {isa = PBXFileReference; lastKnownFileType = sourcecode.swift; path = NetworkManager.swift; sourceTree = "<group>"; };
		0433D2732494FA23005E2A9C /* SearchLocationResponse.swift */ = {isa = PBXFileReference; lastKnownFileType = sourcecode.swift; path = SearchLocationResponse.swift; sourceTree = "<group>"; };
		0433D2752494FD94005E2A9C /* WeatherForcastResponse.swift */ = {isa = PBXFileReference; lastKnownFileType = sourcecode.swift; path = WeatherForcastResponse.swift; sourceTree = "<group>"; };
		0433D278249500B4005E2A9C /* WeatherService.swift */ = {isa = PBXFileReference; lastKnownFileType = sourcecode.swift; path = WeatherService.swift; sourceTree = "<group>"; };
		0433D27A249503EE005E2A9C /* WeatherApiConstant.swift */ = {isa = PBXFileReference; lastKnownFileType = sourcecode.swift; path = WeatherApiConstant.swift; sourceTree = "<group>"; };
		0433D27C24951144005E2A9C /* JsonUtil.swift */ = {isa = PBXFileReference; lastKnownFileType = sourcecode.swift; path = JsonUtil.swift; sourceTree = "<group>"; };
		0433D27E24952EE4005E2A9C /* SearchViewController.swift */ = {isa = PBXFileReference; lastKnownFileType = sourcecode.swift; path = SearchViewController.swift; sourceTree = "<group>"; };
		0433D281249530FE005E2A9C /* UIViewExtension.swift */ = {isa = PBXFileReference; lastKnownFileType = sourcecode.swift; path = UIViewExtension.swift; sourceTree = "<group>"; };
		0433D283249539B2005E2A9C /* SearchLocationPresenter.swift */ = {isa = PBXFileReference; lastKnownFileType = sourcecode.swift; path = SearchLocationPresenter.swift; sourceTree = "<group>"; };
		0433D28824954818005E2A9C /* PlaceViewModel.swift */ = {isa = PBXFileReference; lastKnownFileType = sourcecode.swift; path = PlaceViewModel.swift; sourceTree = "<group>"; };
		0433D28A24955EB9005E2A9C /* WeatherApiModelExtension.swift */ = {isa = PBXFileReference; lastKnownFileType = sourcecode.swift; path = WeatherApiModelExtension.swift; sourceTree = "<group>"; };
		0433D28D2495712B005E2A9C /* PlaceView.xib */ = {isa = PBXFileReference; lastKnownFileType = file.xib; path = PlaceView.xib; sourceTree = "<group>"; };
		0433D28F24957169005E2A9C /* PlacView.swift */ = {isa = PBXFileReference; lastKnownFileType = sourcecode.swift; path = PlacView.swift; sourceTree = "<group>"; };
		0433D29124958721005E2A9C /* PlacesTableViewCell.swift */ = {isa = PBXFileReference; lastKnownFileType = sourcecode.swift; path = PlacesTableViewCell.swift; sourceTree = "<group>"; };
		0433D293249588F4005E2A9C /* AppConstants.swift */ = {isa = PBXFileReference; lastKnownFileType = sourcecode.swift; path = AppConstants.swift; sourceTree = "<group>"; };
		0433D29524961309005E2A9C /* WeatherForcastPresenter.swift */ = {isa = PBXFileReference; lastKnownFileType = sourcecode.swift; path = WeatherForcastPresenter.swift; sourceTree = "<group>"; };
		0433D29724961AFE005E2A9C /* WeatherForcastViewModel.swift */ = {isa = PBXFileReference; lastKnownFileType = sourcecode.swift; path = WeatherForcastViewModel.swift; sourceTree = "<group>"; };
		0433D29C24962A5C005E2A9C /* WeatherInfoTileView.xib */ = {isa = PBXFileReference; lastKnownFileType = file.xib; path = WeatherInfoTileView.xib; sourceTree = "<group>"; };
		0433D29E24962A75005E2A9C /* WeatherInfoTileView.swift */ = {isa = PBXFileReference; lastKnownFileType = sourcecode.swift; path = WeatherInfoTileView.swift; sourceTree = "<group>"; };
		0433D2A4249634F2005E2A9C /* ForcastTableViewCell.swift */ = {isa = PBXFileReference; lastKnownFileType = sourcecode.swift; path = ForcastTableViewCell.swift; sourceTree = "<group>"; };
		0433D2A5249634F2005E2A9C /* ForcastTableViewCell.xib */ = {isa = PBXFileReference; lastKnownFileType = file.xib; path = ForcastTableViewCell.xib; sourceTree = "<group>"; };
		0433D2A82496350B005E2A9C /* ForcastCollectionViewCell.swift */ = {isa = PBXFileReference; lastKnownFileType = sourcecode.swift; path = ForcastCollectionViewCell.swift; sourceTree = "<group>"; };
		0433D2A92496350B005E2A9C /* ForcastCollectionViewCell.xib */ = {isa = PBXFileReference; lastKnownFileType = file.xib; path = ForcastCollectionViewCell.xib; sourceTree = "<group>"; };
		0433D2AC249656DC005E2A9C /* ForcastSectionHeaderView.xib */ = {isa = PBXFileReference; lastKnownFileType = file.xib; path = ForcastSectionHeaderView.xib; sourceTree = "<group>"; };
		0433D2AE24965713005E2A9C /* ForcastSectionHeaderView.swift */ = {isa = PBXFileReference; lastKnownFileType = sourcecode.swift; path = ForcastSectionHeaderView.swift; sourceTree = "<group>"; };
		0441219624967FDF00C09035 /* ForcastHeaderTableViewCell.swift */ = {isa = PBXFileReference; lastKnownFileType = sourcecode.swift; path = ForcastHeaderTableViewCell.swift; sourceTree = "<group>"; };
		044121982496ADA600C09035 /* InfoTileView.xib */ = {isa = PBXFileReference; lastKnownFileType = file.xib; path = InfoTileView.xib; sourceTree = "<group>"; };
		0441219A2496ADC700C09035 /* InfoTileView.swift */ = {isa = PBXFileReference; lastKnownFileType = sourcecode.swift; path = InfoTileView.swift; sourceTree = "<group>"; };
/* End PBXFileReference section */

/* Begin PBXFrameworksBuildPhase section */
		0433D23324941621005E2A9C /* Frameworks */ = {
			isa = PBXFrameworksBuildPhase;
			buildActionMask = 2147483647;
			files = (
			);
			runOnlyForDeploymentPostprocessing = 0;
		};
		0433D24924941624005E2A9C /* Frameworks */ = {
			isa = PBXFrameworksBuildPhase;
			buildActionMask = 2147483647;
			files = (
			);
			runOnlyForDeploymentPostprocessing = 0;
		};
		0433D25424941624005E2A9C /* Frameworks */ = {
			isa = PBXFrameworksBuildPhase;
			buildActionMask = 2147483647;
			files = (
			);
			runOnlyForDeploymentPostprocessing = 0;
		};
/* End PBXFrameworksBuildPhase section */

/* Begin PBXGroup section */
		0433D22D24941621005E2A9C = {
			isa = PBXGroup;
			children = (
				0433D23824941621005E2A9C /* weather */,
				0433D24F24941624005E2A9C /* weatherTests */,
				0433D25A24941624005E2A9C /* weatherUITests */,
				0433D23724941621005E2A9C /* Products */,
			);
			sourceTree = "<group>";
		};
		0433D23724941621005E2A9C /* Products */ = {
			isa = PBXGroup;
			children = (
				0433D23624941621005E2A9C /* weather.app */,
				0433D24C24941624005E2A9C /* weatherTests.xctest */,
				0433D25724941624005E2A9C /* weatherUITests.xctest */,
			);
			name = Products;
			sourceTree = "<group>";
		};
		0433D23824941621005E2A9C /* weather */ = {
			isa = PBXGroup;
			children = (
				0433D28C24957075005E2A9C /* View */,
				0433D28024952F45005E2A9C /* Extension */,
				0433D2772495009C005E2A9C /* Service */,
				0433D2712494F9DC005E2A9C /* Models */,
				0433D2702494EC1F005E2A9C /* Common */,
				0433D26D2494EA65005E2A9C /* Util */,
				0433D2692494DDC6005E2A9C /* Controllers */,
				0433D23924941621005E2A9C /* AppDelegate.swift */,
				0433D23B24941621005E2A9C /* SceneDelegate.swift */,
				0433D23D24941621005E2A9C /* ViewController.swift */,
				0433D23F24941621005E2A9C /* Main.storyboard */,
				0433D24224941624005E2A9C /* Assets.xcassets */,
				0433D24424941624005E2A9C /* LaunchScreen.storyboard */,
				0433D24724941624005E2A9C /* Info.plist */,
			);
			path = weather;
			sourceTree = "<group>";
		};
		0433D24F24941624005E2A9C /* weatherTests */ = {
			isa = PBXGroup;
			children = (
				0433D25024941624005E2A9C /* weatherTests.swift */,
				0433D25224941624005E2A9C /* Info.plist */,
			);
			path = weatherTests;
			sourceTree = "<group>";
		};
		0433D25A24941624005E2A9C /* weatherUITests */ = {
			isa = PBXGroup;
			children = (
				0433D25B24941624005E2A9C /* weatherUITests.swift */,
				0433D25D24941624005E2A9C /* Info.plist */,
			);
			path = weatherUITests;
			sourceTree = "<group>";
		};
		0433D2692494DDC6005E2A9C /* Controllers */ = {
			isa = PBXGroup;
			children = (
				0433D26A2494DE0A005E2A9C /* WeatherForcastViewController.swift */,
				0433D27E24952EE4005E2A9C /* SearchViewController.swift */,
				0433D283249539B2005E2A9C /* SearchLocationPresenter.swift */,
				0433D29524961309005E2A9C /* WeatherForcastPresenter.swift */,
			);
			path = Controllers;
			sourceTree = "<group>";
		};
		0433D26D2494EA65005E2A9C /* Util */ = {
			isa = PBXGroup;
			children = (
				0433D26E2494EA8C005E2A9C /* NetworkManager.swift */,
				0433D27A249503EE005E2A9C /* WeatherApiConstant.swift */,
				0433D27C24951144005E2A9C /* JsonUtil.swift */,
			);
			path = Util;
			sourceTree = "<group>";
		};
		0433D2702494EC1F005E2A9C /* Common */ = {
			isa = PBXGroup;
			children = (
				0433D293249588F4005E2A9C /* AppConstants.swift */,
			);
			path = Common;
			sourceTree = "<group>";
		};
		0433D2712494F9DC005E2A9C /* Models */ = {
			isa = PBXGroup;
			children = (
				0433D285249547B5005E2A9C /* ViewModels */,
				0433D2722494F9E3005E2A9C /* ApiModels */,
			);
			path = Models;
			sourceTree = "<group>";
		};
		0433D2722494F9E3005E2A9C /* ApiModels */ = {
			isa = PBXGroup;
			children = (
				0433D2732494FA23005E2A9C /* SearchLocationResponse.swift */,
				0433D2752494FD94005E2A9C /* WeatherForcastResponse.swift */,
			);
			path = ApiModels;
			sourceTree = "<group>";
		};
		0433D2772495009C005E2A9C /* Service */ = {
			isa = PBXGroup;
			children = (
				0433D278249500B4005E2A9C /* WeatherService.swift */,
			);
			path = Service;
			sourceTree = "<group>";
		};
		0433D28024952F45005E2A9C /* Extension */ = {
			isa = PBXGroup;
			children = (
				0433D281249530FE005E2A9C /* UIViewExtension.swift */,
				0433D28A24955EB9005E2A9C /* WeatherApiModelExtension.swift */,
			);
			path = Extension;
			sourceTree = "<group>";
		};
		0433D285249547B5005E2A9C /* ViewModels */ = {
			isa = PBXGroup;
			children = (
				0433D28824954818005E2A9C /* PlaceViewModel.swift */,
				0433D29724961AFE005E2A9C /* WeatherForcastViewModel.swift */,
			);
			path = ViewModels;
			sourceTree = "<group>";
		};
		0433D28C24957075005E2A9C /* View */ = {
			isa = PBXGroup;
			children = (
				0433D29B24962A28005E2A9C /* Forcast */,
				0433D29A24962A17005E2A9C /* Search */,
			);
			path = View;
			sourceTree = "<group>";
		};
		0433D29A24962A17005E2A9C /* Search */ = {
			isa = PBXGroup;
			children = (
				0433D28D2495712B005E2A9C /* PlaceView.xib */,
				0433D28F24957169005E2A9C /* PlacView.swift */,
				0433D29124958721005E2A9C /* PlacesTableViewCell.swift */,
			);
			path = Search;
			sourceTree = "<group>";
		};
		0433D29B24962A28005E2A9C /* Forcast */ = {
			isa = PBXGroup;
			children = (
				0433D29C24962A5C005E2A9C /* WeatherInfoTileView.xib */,
				0433D29E24962A75005E2A9C /* WeatherInfoTileView.swift */,
				0433D2A4249634F2005E2A9C /* ForcastTableViewCell.swift */,
				0433D2A5249634F2005E2A9C /* ForcastTableViewCell.xib */,
				0433D2A82496350B005E2A9C /* ForcastCollectionViewCell.swift */,
				0433D2A92496350B005E2A9C /* ForcastCollectionViewCell.xib */,
				0433D2AC249656DC005E2A9C /* ForcastSectionHeaderView.xib */,
				0433D2AE24965713005E2A9C /* ForcastSectionHeaderView.swift */,
				0441219624967FDF00C09035 /* ForcastHeaderTableViewCell.swift */,
				044121982496ADA600C09035 /* InfoTileView.xib */,
				0441219A2496ADC700C09035 /* InfoTileView.swift */,
			);
			path = Forcast;
			sourceTree = "<group>";
		};
/* End PBXGroup section */

/* Begin PBXNativeTarget section */
		0433D23524941621005E2A9C /* weather */ = {
			isa = PBXNativeTarget;
			buildConfigurationList = 0433D26024941624005E2A9C /* Build configuration list for PBXNativeTarget "weather" */;
			buildPhases = (
				0433D23224941621005E2A9C /* Sources */,
				0433D23324941621005E2A9C /* Frameworks */,
				0433D23424941621005E2A9C /* Resources */,
			);
			buildRules = (
			);
			dependencies = (
			);
			name = weather;
			productName = weather;
			productReference = 0433D23624941621005E2A9C /* weather.app */;
			productType = "com.apple.product-type.application";
		};
		0433D24B24941624005E2A9C /* weatherTests */ = {
			isa = PBXNativeTarget;
			buildConfigurationList = 0433D26324941624005E2A9C /* Build configuration list for PBXNativeTarget "weatherTests" */;
			buildPhases = (
				0433D24824941624005E2A9C /* Sources */,
				0433D24924941624005E2A9C /* Frameworks */,
				0433D24A24941624005E2A9C /* Resources */,
			);
			buildRules = (
			);
			dependencies = (
				0433D24E24941624005E2A9C /* PBXTargetDependency */,
			);
			name = weatherTests;
			productName = weatherTests;
			productReference = 0433D24C24941624005E2A9C /* weatherTests.xctest */;
			productType = "com.apple.product-type.bundle.unit-test";
		};
		0433D25624941624005E2A9C /* weatherUITests */ = {
			isa = PBXNativeTarget;
			buildConfigurationList = 0433D26624941624005E2A9C /* Build configuration list for PBXNativeTarget "weatherUITests" */;
			buildPhases = (
				0433D25324941624005E2A9C /* Sources */,
				0433D25424941624005E2A9C /* Frameworks */,
				0433D25524941624005E2A9C /* Resources */,
			);
			buildRules = (
			);
			dependencies = (
				0433D25924941624005E2A9C /* PBXTargetDependency */,
			);
			name = weatherUITests;
			productName = weatherUITests;
			productReference = 0433D25724941624005E2A9C /* weatherUITests.xctest */;
			productType = "com.apple.product-type.bundle.ui-testing";
		};
/* End PBXNativeTarget section */

/* Begin PBXProject section */
		0433D22E24941621005E2A9C /* Project object */ = {
			isa = PBXProject;
			attributes = {
				LastSwiftUpdateCheck = 1130;
				LastUpgradeCheck = 1130;
				ORGANIZATIONNAME = nrk;
				TargetAttributes = {
					0433D23524941621005E2A9C = {
						CreatedOnToolsVersion = 11.3;
					};
					0433D24B24941624005E2A9C = {
						CreatedOnToolsVersion = 11.3;
						TestTargetID = 0433D23524941621005E2A9C;
					};
					0433D25624941624005E2A9C = {
						CreatedOnToolsVersion = 11.3;
						TestTargetID = 0433D23524941621005E2A9C;
					};
				};
			};
			buildConfigurationList = 0433D23124941621005E2A9C /* Build configuration list for PBXProject "weather" */;
			compatibilityVersion = "Xcode 9.3";
			developmentRegion = en;
			hasScannedForEncodings = 0;
			knownRegions = (
				en,
				Base,
			);
			mainGroup = 0433D22D24941621005E2A9C;
			productRefGroup = 0433D23724941621005E2A9C /* Products */;
			projectDirPath = "";
			projectRoot = "";
			targets = (
				0433D23524941621005E2A9C /* weather */,
				0433D24B24941624005E2A9C /* weatherTests */,
				0433D25624941624005E2A9C /* weatherUITests */,
			);
		};
/* End PBXProject section */

/* Begin PBXResourcesBuildPhase section */
		0433D23424941621005E2A9C /* Resources */ = {
			isa = PBXResourcesBuildPhase;
			buildActionMask = 2147483647;
			files = (
				0433D2AD249656DC005E2A9C /* ForcastSectionHeaderView.xib in Resources */,
				0433D24624941624005E2A9C /* LaunchScreen.storyboard in Resources */,
				0433D24324941624005E2A9C /* Assets.xcassets in Resources */,
				0433D28E2495712B005E2A9C /* PlaceView.xib in Resources */,
				044121992496ADA600C09035 /* InfoTileView.xib in Resources */,
				0433D2AB2496350B005E2A9C /* ForcastCollectionViewCell.xib in Resources */,
				0433D29D24962A5C005E2A9C /* WeatherInfoTileView.xib in Resources */,
				0433D2A7249634F2005E2A9C /* ForcastTableViewCell.xib in Resources */,
				0433D24124941621005E2A9C /* Main.storyboard in Resources */,
			);
			runOnlyForDeploymentPostprocessing = 0;
		};
		0433D24A24941624005E2A9C /* Resources */ = {
			isa = PBXResourcesBuildPhase;
			buildActionMask = 2147483647;
			files = (
			);
			runOnlyForDeploymentPostprocessing = 0;
		};
		0433D25524941624005E2A9C /* Resources */ = {
			isa = PBXResourcesBuildPhase;
			buildActionMask = 2147483647;
			files = (
			);
			runOnlyForDeploymentPostprocessing = 0;
		};
/* End PBXResourcesBuildPhase section */

/* Begin PBXSourcesBuildPhase section */
		0433D23224941621005E2A9C /* Sources */ = {
			isa = PBXSourcesBuildPhase;
			buildActionMask = 2147483647;
			files = (
				0433D28B24955EB9005E2A9C /* WeatherApiModelExtension.swift in Sources */,
				0433D294249588F4005E2A9C /* AppConstants.swift in Sources */,
				0433D279249500B4005E2A9C /* WeatherService.swift in Sources */,
				0433D27F24952EE5005E2A9C /* SearchViewController.swift in Sources */,
				0433D27B249503EE005E2A9C /* WeatherApiConstant.swift in Sources */,
				0433D29F24962A76005E2A9C /* WeatherInfoTileView.swift in Sources */,
				0433D2902495716A005E2A9C /* PlacView.swift in Sources */,
				0433D23E24941621005E2A9C /* ViewController.swift in Sources */,
				0433D2AA2496350B005E2A9C /* ForcastCollectionViewCell.swift in Sources */,
				0433D23A24941621005E2A9C /* AppDelegate.swift in Sources */,
				0433D26F2494EA8C005E2A9C /* NetworkManager.swift in Sources */,
				0433D2762494FD94005E2A9C /* WeatherForcastResponse.swift in Sources */,
				0433D2AF24965714005E2A9C /* ForcastSectionHeaderView.swift in Sources */,
				0433D2742494FA24005E2A9C /* SearchLocationResponse.swift in Sources */,
				0433D26B2494DE0A005E2A9C /* WeatherForcastViewController.swift in Sources */,
				0433D29624961309005E2A9C /* WeatherForcastPresenter.swift in Sources */,
				0433D2A6249634F2005E2A9C /* ForcastTableViewCell.swift in Sources */,
				0433D284249539B2005E2A9C /* SearchLocationPresenter.swift in Sources */,
				0433D29824961AFE005E2A9C /* WeatherForcastViewModel.swift in Sources */,
				0433D28924954818005E2A9C /* PlaceViewModel.swift in Sources */,
				0441219B2496ADC700C09035 /* InfoTileView.swift in Sources */,
				0433D29224958721005E2A9C /* PlacesTableViewCell.swift in Sources */,
				0441219724967FDF00C09035 /* ForcastHeaderTableViewCell.swift in Sources */,
				0433D23C24941621005E2A9C /* SceneDelegate.swift in Sources */,
				0433D282249530FE005E2A9C /* UIViewExtension.swift in Sources */,
				0433D27D24951144005E2A9C /* JsonUtil.swift in Sources */,
			);
			runOnlyForDeploymentPostprocessing = 0;
		};
		0433D24824941624005E2A9C /* Sources */ = {
			isa = PBXSourcesBuildPhase;
			buildActionMask = 2147483647;
			files = (
				0433D25124941624005E2A9C /* weatherTests.swift in Sources */,
			);
			runOnlyForDeploymentPostprocessing = 0;
		};
		0433D25324941624005E2A9C /* Sources */ = {
			isa = PBXSourcesBuildPhase;
			buildActionMask = 2147483647;
			files = (
				0433D25C24941624005E2A9C /* weatherUITests.swift in Sources */,
			);
			runOnlyForDeploymentPostprocessing = 0;
		};
/* End PBXSourcesBuildPhase section */

/* Begin PBXTargetDependency section */
		0433D24E24941624005E2A9C /* PBXTargetDependency */ = {
			isa = PBXTargetDependency;
			target = 0433D23524941621005E2A9C /* weather */;
			targetProxy = 0433D24D24941624005E2A9C /* PBXContainerItemProxy */;
		};
		0433D25924941624005E2A9C /* PBXTargetDependency */ = {
			isa = PBXTargetDependency;
			target = 0433D23524941621005E2A9C /* weather */;
			targetProxy = 0433D25824941624005E2A9C /* PBXContainerItemProxy */;
		};
/* End PBXTargetDependency section */

/* Begin PBXVariantGroup section */
		0433D23F24941621005E2A9C /* Main.storyboard */ = {
			isa = PBXVariantGroup;
			children = (
				0433D24024941621005E2A9C /* Base */,
			);
			name = Main.storyboard;
			sourceTree = "<group>";
		};
		0433D24424941624005E2A9C /* LaunchScreen.storyboard */ = {
			isa = PBXVariantGroup;
			children = (
				0433D24524941624005E2A9C /* Base */,
			);
			name = LaunchScreen.storyboard;
			sourceTree = "<group>";
		};
/* End PBXVariantGroup section */

/* Begin XCBuildConfiguration section */
		0433D25E24941624005E2A9C /* Debug */ = {
			isa = XCBuildConfiguration;
			buildSettings = {
				ALWAYS_SEARCH_USER_PATHS = NO;
				CLANG_ANALYZER_NONNULL = YES;
				CLANG_ANALYZER_NUMBER_OBJECT_CONVERSION = YES_AGGRESSIVE;
				CLANG_CXX_LANGUAGE_STANDARD = "gnu++14";
				CLANG_CXX_LIBRARY = "libc++";
				CLANG_ENABLE_MODULES = YES;
				CLANG_ENABLE_OBJC_ARC = YES;
				CLANG_ENABLE_OBJC_WEAK = YES;
				CLANG_WARN_BLOCK_CAPTURE_AUTORELEASING = YES;
				CLANG_WARN_BOOL_CONVERSION = YES;
				CLANG_WARN_COMMA = YES;
				CLANG_WARN_CONSTANT_CONVERSION = YES;
				CLANG_WARN_DEPRECATED_OBJC_IMPLEMENTATIONS = YES;
				CLANG_WARN_DIRECT_OBJC_ISA_USAGE = YES_ERROR;
				CLANG_WARN_DOCUMENTATION_COMMENTS = YES;
				CLANG_WARN_EMPTY_BODY = YES;
				CLANG_WARN_ENUM_CONVERSION = YES;
				CLANG_WARN_INFINITE_RECURSION = YES;
				CLANG_WARN_INT_CONVERSION = YES;
				CLANG_WARN_NON_LITERAL_NULL_CONVERSION = YES;
				CLANG_WARN_OBJC_IMPLICIT_RETAIN_SELF = YES;
				CLANG_WARN_OBJC_LITERAL_CONVERSION = YES;
				CLANG_WARN_OBJC_ROOT_CLASS = YES_ERROR;
				CLANG_WARN_RANGE_LOOP_ANALYSIS = YES;
				CLANG_WARN_STRICT_PROTOTYPES = YES;
				CLANG_WARN_SUSPICIOUS_MOVE = YES;
				CLANG_WARN_UNGUARDED_AVAILABILITY = YES_AGGRESSIVE;
				CLANG_WARN_UNREACHABLE_CODE = YES;
				CLANG_WARN__DUPLICATE_METHOD_MATCH = YES;
				COPY_PHASE_STRIP = NO;
				DEBUG_INFORMATION_FORMAT = dwarf;
				ENABLE_STRICT_OBJC_MSGSEND = YES;
				ENABLE_TESTABILITY = YES;
				GCC_C_LANGUAGE_STANDARD = gnu11;
				GCC_DYNAMIC_NO_PIC = NO;
				GCC_NO_COMMON_BLOCKS = YES;
				GCC_OPTIMIZATION_LEVEL = 0;
				GCC_PREPROCESSOR_DEFINITIONS = (
					"DEBUG=1",
					"$(inherited)",
				);
				GCC_WARN_64_TO_32_BIT_CONVERSION = YES;
				GCC_WARN_ABOUT_RETURN_TYPE = YES_ERROR;
				GCC_WARN_UNDECLARED_SELECTOR = YES;
				GCC_WARN_UNINITIALIZED_AUTOS = YES_AGGRESSIVE;
				GCC_WARN_UNUSED_FUNCTION = YES;
				GCC_WARN_UNUSED_VARIABLE = YES;
				IPHONEOS_DEPLOYMENT_TARGET = 13.2;
				MTL_ENABLE_DEBUG_INFO = INCLUDE_SOURCE;
				MTL_FAST_MATH = YES;
				ONLY_ACTIVE_ARCH = YES;
				SDKROOT = iphoneos;
				SWIFT_ACTIVE_COMPILATION_CONDITIONS = DEBUG;
				SWIFT_OPTIMIZATION_LEVEL = "-Onone";
			};
			name = Debug;
		};
		0433D25F24941624005E2A9C /* Release */ = {
			isa = XCBuildConfiguration;
			buildSettings = {
				ALWAYS_SEARCH_USER_PATHS = NO;
				CLANG_ANALYZER_NONNULL = YES;
				CLANG_ANALYZER_NUMBER_OBJECT_CONVERSION = YES_AGGRESSIVE;
				CLANG_CXX_LANGUAGE_STANDARD = "gnu++14";
				CLANG_CXX_LIBRARY = "libc++";
				CLANG_ENABLE_MODULES = YES;
				CLANG_ENABLE_OBJC_ARC = YES;
				CLANG_ENABLE_OBJC_WEAK = YES;
				CLANG_WARN_BLOCK_CAPTURE_AUTORELEASING = YES;
				CLANG_WARN_BOOL_CONVERSION = YES;
				CLANG_WARN_COMMA = YES;
				CLANG_WARN_CONSTANT_CONVERSION = YES;
				CLANG_WARN_DEPRECATED_OBJC_IMPLEMENTATIONS = YES;
				CLANG_WARN_DIRECT_OBJC_ISA_USAGE = YES_ERROR;
				CLANG_WARN_DOCUMENTATION_COMMENTS = YES;
				CLANG_WARN_EMPTY_BODY = YES;
				CLANG_WARN_ENUM_CONVERSION = YES;
				CLANG_WARN_INFINITE_RECURSION = YES;
				CLANG_WARN_INT_CONVERSION = YES;
				CLANG_WARN_NON_LITERAL_NULL_CONVERSION = YES;
				CLANG_WARN_OBJC_IMPLICIT_RETAIN_SELF = YES;
				CLANG_WARN_OBJC_LITERAL_CONVERSION = YES;
				CLANG_WARN_OBJC_ROOT_CLASS = YES_ERROR;
				CLANG_WARN_RANGE_LOOP_ANALYSIS = YES;
				CLANG_WARN_STRICT_PROTOTYPES = YES;
				CLANG_WARN_SUSPICIOUS_MOVE = YES;
				CLANG_WARN_UNGUARDED_AVAILABILITY = YES_AGGRESSIVE;
				CLANG_WARN_UNREACHABLE_CODE = YES;
				CLANG_WARN__DUPLICATE_METHOD_MATCH = YES;
				COPY_PHASE_STRIP = NO;
				DEBUG_INFORMATION_FORMAT = "dwarf-with-dsym";
				ENABLE_NS_ASSERTIONS = NO;
				ENABLE_STRICT_OBJC_MSGSEND = YES;
				GCC_C_LANGUAGE_STANDARD = gnu11;
				GCC_NO_COMMON_BLOCKS = YES;
				GCC_WARN_64_TO_32_BIT_CONVERSION = YES;
				GCC_WARN_ABOUT_RETURN_TYPE = YES_ERROR;
				GCC_WARN_UNDECLARED_SELECTOR = YES;
				GCC_WARN_UNINITIALIZED_AUTOS = YES_AGGRESSIVE;
				GCC_WARN_UNUSED_FUNCTION = YES;
				GCC_WARN_UNUSED_VARIABLE = YES;
				IPHONEOS_DEPLOYMENT_TARGET = 13.2;
				MTL_ENABLE_DEBUG_INFO = NO;
				MTL_FAST_MATH = YES;
				SDKROOT = iphoneos;
				SWIFT_COMPILATION_MODE = wholemodule;
				SWIFT_OPTIMIZATION_LEVEL = "-O";
				VALIDATE_PRODUCT = YES;
			};
			name = Release;
		};
		0433D26124941624005E2A9C /* Debug */ = {
			isa = XCBuildConfiguration;
			buildSettings = {
				ASSETCATALOG_COMPILER_APPICON_NAME = AppIcon;
				CODE_SIGN_STYLE = Automatic;
				DEVELOPMENT_TEAM = TGX7HYTHFT;
				INFOPLIST_FILE = weather/Info.plist;
				IPHONEOS_DEPLOYMENT_TARGET = 13.0;
				LD_RUNPATH_SEARCH_PATHS = (
					"$(inherited)",
					"@executable_path/Frameworks",
				);
				PRODUCT_BUNDLE_IDENTIFIER = no.nrk.weather;
				PRODUCT_NAME = "$(TARGET_NAME)";
				SWIFT_VERSION = 5.0;
				TARGETED_DEVICE_FAMILY = "1,2";
			};
			name = Debug;
		};
		0433D26224941624005E2A9C /* Release */ = {
			isa = XCBuildConfiguration;
			buildSettings = {
				ASSETCATALOG_COMPILER_APPICON_NAME = AppIcon;
				CODE_SIGN_STYLE = Automatic;
				DEVELOPMENT_TEAM = TGX7HYTHFT;
				INFOPLIST_FILE = weather/Info.plist;
				IPHONEOS_DEPLOYMENT_TARGET = 13.0;
				LD_RUNPATH_SEARCH_PATHS = (
					"$(inherited)",
					"@executable_path/Frameworks",
				);
				PRODUCT_BUNDLE_IDENTIFIER = no.nrk.weather;
				PRODUCT_NAME = "$(TARGET_NAME)";
				SWIFT_VERSION = 5.0;
				TARGETED_DEVICE_FAMILY = "1,2";
			};
			name = Release;
		};
		0433D26424941624005E2A9C /* Debug */ = {
			isa = XCBuildConfiguration;
			buildSettings = {
				ALWAYS_EMBED_SWIFT_STANDARD_LIBRARIES = YES;
				BUNDLE_LOADER = "$(TEST_HOST)";
				CODE_SIGN_STYLE = Automatic;
				DEVELOPMENT_TEAM = TGX7HYTHFT;
				INFOPLIST_FILE = weatherTests/Info.plist;
				IPHONEOS_DEPLOYMENT_TARGET = 13.2;
				LD_RUNPATH_SEARCH_PATHS = (
					"$(inherited)",
					"@executable_path/Frameworks",
					"@loader_path/Frameworks",
				);
				PRODUCT_BUNDLE_IDENTIFIER = no.nrk.weatherTests;
				PRODUCT_NAME = "$(TARGET_NAME)";
				SWIFT_VERSION = 5.0;
				TARGETED_DEVICE_FAMILY = "1,2";
				TEST_HOST = "$(BUILT_PRODUCTS_DIR)/weather.app/weather";
			};
			name = Debug;
		};
		0433D26524941624005E2A9C /* Release */ = {
			isa = XCBuildConfiguration;
			buildSettings = {
				ALWAYS_EMBED_SWIFT_STANDARD_LIBRARIES = YES;
				BUNDLE_LOADER = "$(TEST_HOST)";
				CODE_SIGN_STYLE = Automatic;
				DEVELOPMENT_TEAM = TGX7HYTHFT;
				INFOPLIST_FILE = weatherTests/Info.plist;
				IPHONEOS_DEPLOYMENT_TARGET = 13.2;
				LD_RUNPATH_SEARCH_PATHS = (
					"$(inherited)",
					"@executable_path/Frameworks",
					"@loader_path/Frameworks",
				);
				PRODUCT_BUNDLE_IDENTIFIER = no.nrk.weatherTests;
				PRODUCT_NAME = "$(TARGET_NAME)";
				SWIFT_VERSION = 5.0;
				TARGETED_DEVICE_FAMILY = "1,2";
				TEST_HOST = "$(BUILT_PRODUCTS_DIR)/weather.app/weather";
			};
			name = Release;
		};
		0433D26724941624005E2A9C /* Debug */ = {
			isa = XCBuildConfiguration;
			buildSettings = {
				ALWAYS_EMBED_SWIFT_STANDARD_LIBRARIES = YES;
				CODE_SIGN_STYLE = Automatic;
				DEVELOPMENT_TEAM = TGX7HYTHFT;
				INFOPLIST_FILE = weatherUITests/Info.plist;
				LD_RUNPATH_SEARCH_PATHS = (
					"$(inherited)",
					"@executable_path/Frameworks",
					"@loader_path/Frameworks",
				);
				PRODUCT_BUNDLE_IDENTIFIER = no.nrk.weatherUITests;
				PRODUCT_NAME = "$(TARGET_NAME)";
				SWIFT_VERSION = 5.0;
				TARGETED_DEVICE_FAMILY = "1,2";
				TEST_TARGET_NAME = weather;
			};
			name = Debug;
		};
		0433D26824941624005E2A9C /* Release */ = {
			isa = XCBuildConfiguration;
			buildSettings = {
				ALWAYS_EMBED_SWIFT_STANDARD_LIBRARIES = YES;
				CODE_SIGN_STYLE = Automatic;
				DEVELOPMENT_TEAM = TGX7HYTHFT;
				INFOPLIST_FILE = weatherUITests/Info.plist;
				LD_RUNPATH_SEARCH_PATHS = (
					"$(inherited)",
					"@executable_path/Frameworks",
					"@loader_path/Frameworks",
				);
				PRODUCT_BUNDLE_IDENTIFIER = no.nrk.weatherUITests;
				PRODUCT_NAME = "$(TARGET_NAME)";
				SWIFT_VERSION = 5.0;
				TARGETED_DEVICE_FAMILY = "1,2";
				TEST_TARGET_NAME = weather;
			};
			name = Release;
		};
/* End XCBuildConfiguration section */

/* Begin XCConfigurationList section */
		0433D23124941621005E2A9C /* Build configuration list for PBXProject "weather" */ = {
			isa = XCConfigurationList;
			buildConfigurations = (
				0433D25E24941624005E2A9C /* Debug */,
				0433D25F24941624005E2A9C /* Release */,
			);
			defaultConfigurationIsVisible = 0;
			defaultConfigurationName = Release;
		};
		0433D26024941624005E2A9C /* Build configuration list for PBXNativeTarget "weather" */ = {
			isa = XCConfigurationList;
			buildConfigurations = (
				0433D26124941624005E2A9C /* Debug */,
				0433D26224941624005E2A9C /* Release */,
			);
			defaultConfigurationIsVisible = 0;
			defaultConfigurationName = Release;
		};
		0433D26324941624005E2A9C /* Build configuration list for PBXNativeTarget "weatherTests" */ = {
			isa = XCConfigurationList;
			buildConfigurations = (
				0433D26424941624005E2A9C /* Debug */,
				0433D26524941624005E2A9C /* Release */,
			);
			defaultConfigurationIsVisible = 0;
			defaultConfigurationName = Release;
		};
		0433D26624941624005E2A9C /* Build configuration list for PBXNativeTarget "weatherUITests" */ = {
			isa = XCConfigurationList;
			buildConfigurations = (
				0433D26724941624005E2A9C /* Debug */,
				0433D26824941624005E2A9C /* Release */,
			);
			defaultConfigurationIsVisible = 0;
			defaultConfigurationName = Release;
		};
/* End XCConfigurationList section */
	};
	rootObject = 0433D22E24941621005E2A9C /* Project object */;
}
